{
  "version": 4,
  "terraform_version": "1.4.6",
  "serial": 35,
  "lineage": "217ac46e-2ab7-36a9-367b-2c1ef01e6ef0",
  "outputs": {},
  "resources": [
    {
      "mode": "data",
      "type": "azurerm_subnet",
      "name": "subnet1",
      "provider": "provider[\"registry.terraform.io/hashicorp/azurerm\"]",
      "instances": [
        {
          "schema_version": 0,
          "attributes": {
            "address_prefix": "10.0.1.0/24",
            "address_prefixes": [
              "10.0.1.0/24"
            ],
            "enforce_private_link_endpoint_network_policies": true,
            "enforce_private_link_service_network_policies": false,
            "id": "/subscriptions/1a969a93-6700-4065-8df6-c63ab4cd3352/resourceGroups/Infra-WestUS-RG/providers/Microsoft.Network/virtualNetworks/vnet-uswest/subnets/Prod-Snet",
            "name": "Prod-Snet",
            "network_security_group_id": "/subscriptions/1a969a93-6700-4065-8df6-c63ab4cd3352/resourceGroups/Infra-WestUS-RG/providers/Microsoft.Network/networkSecurityGroups/Sec-Gp-WestUS",
            "resource_group_name": "Infra-WestUS-RG",
            "route_table_id": "",
            "service_endpoints": [],
            "timeouts": null,
            "virtual_network_name": "vnet-uswest"
          },
          "sensitive_attributes": []
        }
      ]
    },
    {
      "mode": "data",
      "type": "azurerm_subnet",
      "name": "subnet2",
      "provider": "provider[\"registry.terraform.io/hashicorp/azurerm\"]",
      "instances": [
        {
          "schema_version": 0,
          "attributes": {
            "address_prefix": "10.0.2.0/24",
            "address_prefixes": [
              "10.0.2.0/24"
            ],
            "enforce_private_link_endpoint_network_policies": true,
            "enforce_private_link_service_network_policies": false,
            "id": "/subscriptions/1a969a93-6700-4065-8df6-c63ab4cd3352/resourceGroups/Infra-WestUS-RG/providers/Microsoft.Network/virtualNetworks/vnet-uswest/subnets/Dev-Snet",
            "name": "Dev-Snet",
            "network_security_group_id": "/subscriptions/1a969a93-6700-4065-8df6-c63ab4cd3352/resourceGroups/Infra-WestUS-RG/providers/Microsoft.Network/networkSecurityGroups/Sec-Gp-WestUS",
            "resource_group_name": "Infra-WestUS-RG",
            "route_table_id": "",
            "service_endpoints": [],
            "timeouts": null,
            "virtual_network_name": "vnet-uswest"
          },
          "sensitive_attributes": []
        }
      ]
    },
    {
      "mode": "managed",
      "type": "azurerm_network_interface",
      "name": "nic1",
      "provider": "provider[\"registry.terraform.io/hashicorp/azurerm\"]",
      "instances": [
        {
          "schema_version": 0,
          "attributes": {
            "applied_dns_servers": [],
            "dns_servers": [],
            "edge_zone": "",
            "enable_accelerated_networking": false,
            "enable_ip_forwarding": false,
            "id": "/subscriptions/1a969a93-6700-4065-8df6-c63ab4cd3352/resourceGroups/Infra-WestUS-RG/providers/Microsoft.Network/networkInterfaces/nic1",
            "internal_dns_name_label": "",
            "internal_domain_name_suffix": "3cunypte1yauvcvr4lwa1gsr2h.dx.internal.cloudapp.net",
            "ip_configuration": [
              {
                "gateway_load_balancer_frontend_ip_configuration_id": "",
                "name": "testconfiguration1",
                "primary": true,
                "private_ip_address": "10.0.1.4",
                "private_ip_address_allocation": "Dynamic",
                "private_ip_address_version": "IPv4",
                "public_ip_address_id": "",
                "subnet_id": "/subscriptions/1a969a93-6700-4065-8df6-c63ab4cd3352/resourceGroups/Infra-WestUS-RG/providers/Microsoft.Network/virtualNetworks/vnet-uswest/subnets/Prod-Snet"
              }
            ],
            "location": "westus",
            "mac_address": "00-22-48-05-FF-57",
            "name": "nic1",
            "private_ip_address": "10.0.1.4",
            "private_ip_addresses": [
              "10.0.1.4"
            ],
            "resource_group_name": "Infra-WestUS-RG",
            "tags": {},
            "timeouts": null,
            "virtual_machine_id": "/subscriptions/1a969a93-6700-4065-8df6-c63ab4cd3352/resourceGroups/Infra-WestUS-RG/providers/Microsoft.Compute/virtualMachines/ABKVM01"
          },
          "sensitive_attributes": [],
          "private": "eyJlMmJmYjczMC1lY2FhLTExZTYtOGY4OC0zNDM2M2JjN2M0YzAiOnsiY3JlYXRlIjoxODAwMDAwMDAwMDAwLCJkZWxldGUiOjE4MDAwMDAwMDAwMDAsInJlYWQiOjMwMDAwMDAwMDAwMCwidXBkYXRlIjoxODAwMDAwMDAwMDAwfX0=",
          "dependencies": [
            "azurerm_network_security_group.Sec-gp1",
            "azurerm_resource_group.Infra-RG",
            "azurerm_virtual_network.vnet1",
            "data.azurerm_subnet.subnet1"
          ]
        }
      ]
    },
    {
      "mode": "managed",
      "type": "azurerm_network_security_group",
      "name": "Sec-gp1",
      "provider": "provider[\"registry.terraform.io/hashicorp/azurerm\"]",
      "instances": [
        {
          "schema_version": 0,
          "attributes": {
            "id": "/subscriptions/1a969a93-6700-4065-8df6-c63ab4cd3352/resourceGroups/Infra-WestUS-RG/providers/Microsoft.Network/networkSecurityGroups/Sec-Gp-WestUS",
            "location": "westus",
            "name": "Sec-Gp-WestUS",
            "resource_group_name": "Infra-WestUS-RG",
            "security_rule": [
              {
                "access": "Allow",
                "description": "",
                "destination_address_prefix": "*",
                "destination_address_prefixes": [],
                "destination_application_security_group_ids": [],
                "destination_port_range": "3389",
                "destination_port_ranges": [],
                "direction": "Outbound",
                "name": "rdp-rule",
                "priority": 100,
                "protocol": "Tcp",
                "source_address_prefix": "*",
                "source_address_prefixes": [],
                "source_application_security_group_ids": [],
                "source_port_range": "*",
                "source_port_ranges": []
              }
            ],
            "tags": {},
            "timeouts": null
          },
          "sensitive_attributes": [],
          "private": "eyJlMmJmYjczMC1lY2FhLTExZTYtOGY4OC0zNDM2M2JjN2M0YzAiOnsiY3JlYXRlIjoxODAwMDAwMDAwMDAwLCJkZWxldGUiOjE4MDAwMDAwMDAwMDAsInJlYWQiOjMwMDAwMDAwMDAwMCwidXBkYXRlIjoxODAwMDAwMDAwMDAwfX0=",
          "dependencies": [
            "azurerm_resource_group.Infra-RG"
          ]
        }
      ]
    },
    {
      "mode": "managed",
      "type": "azurerm_network_security_rule",
      "name": "nsg-rule1",
      "provider": "provider[\"registry.terraform.io/hashicorp/azurerm\"]",
      "instances": [
        {
          "schema_version": 0,
          "attributes": {
            "access": "Allow",
            "description": "",
            "destination_address_prefix": "*",
            "destination_address_prefixes": [],
            "destination_application_security_group_ids": [],
            "destination_port_range": "3389",
            "destination_port_ranges": [],
            "direction": "Outbound",
            "id": "/subscriptions/1a969a93-6700-4065-8df6-c63ab4cd3352/resourceGroups/Infra-WestUS-RG/providers/Microsoft.Network/networkSecurityGroups/Sec-Gp-WestUS/securityRules/rdp-rule",
            "name": "rdp-rule",
            "network_security_group_name": "Sec-Gp-WestUS",
            "priority": 100,
            "protocol": "Tcp",
            "resource_group_name": "Infra-WestUS-RG",
            "source_address_prefix": "*",
            "source_address_prefixes": [],
            "source_application_security_group_ids": [],
            "source_port_range": "*",
            "source_port_ranges": [],
            "timeouts": null
          },
          "sensitive_attributes": [],
          "private": "eyJlMmJmYjczMC1lY2FhLTExZTYtOGY4OC0zNDM2M2JjN2M0YzAiOnsiY3JlYXRlIjoxODAwMDAwMDAwMDAwLCJkZWxldGUiOjE4MDAwMDAwMDAwMDAsInJlYWQiOjMwMDAwMDAwMDAwMCwidXBkYXRlIjoxODAwMDAwMDAwMDAwfX0=",
          "dependencies": [
            "azurerm_network_security_group.Sec-gp1",
            "azurerm_resource_group.Infra-RG"
          ]
        }
      ]
    },
    {
      "mode": "managed",
      "type": "azurerm_resource_group",
      "name": "Infra-RG",
      "provider": "provider[\"registry.terraform.io/hashicorp/azurerm\"]",
      "instances": [
        {
          "schema_version": 0,
          "attributes": {
            "id": "/subscriptions/1a969a93-6700-4065-8df6-c63ab4cd3352/resourceGroups/Infra-WestUS-RG",
            "location": "westus",
            "name": "Infra-WestUS-RG",
            "tags": {},
            "timeouts": null
          },
          "sensitive_attributes": [],
          "private": "eyJlMmJmYjczMC1lY2FhLTExZTYtOGY4OC0zNDM2M2JjN2M0YzAiOnsiY3JlYXRlIjo1NDAwMDAwMDAwMDAwLCJkZWxldGUiOjU0MDAwMDAwMDAwMDAsInJlYWQiOjMwMDAwMDAwMDAwMCwidXBkYXRlIjo1NDAwMDAwMDAwMDAwfX0="
        }
      ]
    },
    {
      "mode": "managed",
      "type": "azurerm_storage_account",
      "name": "storeacc",
      "provider": "provider[\"registry.terraform.io/hashicorp/azurerm\"]",
      "instances": [
        {
          "schema_version": 3,
          "attributes": {
            "access_tier": "Hot",
            "account_kind": "StorageV2",
            "account_replication_type": "LRS",
            "account_tier": "Standard",
            "allow_nested_items_to_be_public": true,
            "azure_files_authentication": [],
            "blob_properties": [
              {
                "change_feed_enabled": false,
                "container_delete_retention_policy": [],
                "cors_rule": [],
                "default_service_version": "",
                "delete_retention_policy": [],
                "last_access_time_enabled": false,
                "versioning_enabled": false
              }
            ],
            "custom_domain": [],
            "customer_managed_key": [],
            "edge_zone": "",
            "enable_https_traffic_only": true,
            "id": "/subscriptions/1a969a93-6700-4065-8df6-c63ab4cd3352/resourceGroups/Infra-WestUS-RG/providers/Microsoft.Storage/storageAccounts/uswestsa001",
            "identity": [],
            "infrastructure_encryption_enabled": false,
            "is_hns_enabled": false,
            "large_file_share_enabled": null,
            "location": "westus",
            "min_tls_version": "TLS1_2",
            "name": "uswestsa001",
            "network_rules": [
              {
                "bypass": [
                  "AzureServices"
                ],
                "default_action": "Allow",
                "ip_rules": [],
                "private_link_access": [],
                "virtual_network_subnet_ids": []
              }
            ],
            "nfsv3_enabled": false,
            "primary_access_key": "Plx4O7XAgURMO00NSNwYjrdt6/qQ106Cwyyp5vzLYYgVaYtkSDxUG3mWd2ceEQChbR8//J5cVw8++AStBuamtg==",
            "primary_blob_connection_string": "DefaultEndpointsProtocol=https;BlobEndpoint=https://uswestsa001.blob.core.windows.net/;AccountName=uswestsa001;AccountKey=Plx4O7XAgURMO00NSNwYjrdt6/qQ106Cwyyp5vzLYYgVaYtkSDxUG3mWd2ceEQChbR8//J5cVw8++AStBuamtg==",
            "primary_blob_endpoint": "https://uswestsa001.blob.core.windows.net/",
            "primary_blob_host": "uswestsa001.blob.core.windows.net",
            "primary_connection_string": "DefaultEndpointsProtocol=https;AccountName=uswestsa001;AccountKey=Plx4O7XAgURMO00NSNwYjrdt6/qQ106Cwyyp5vzLYYgVaYtkSDxUG3mWd2ceEQChbR8//J5cVw8++AStBuamtg==;EndpointSuffix=core.windows.net",
            "primary_dfs_endpoint": "https://uswestsa001.dfs.core.windows.net/",
            "primary_dfs_host": "uswestsa001.dfs.core.windows.net",
            "primary_file_endpoint": "https://uswestsa001.file.core.windows.net/",
            "primary_file_host": "uswestsa001.file.core.windows.net",
            "primary_location": "westus",
            "primary_queue_endpoint": "https://uswestsa001.queue.core.windows.net/",
            "primary_queue_host": "uswestsa001.queue.core.windows.net",
            "primary_table_endpoint": "https://uswestsa001.table.core.windows.net/",
            "primary_table_host": "uswestsa001.table.core.windows.net",
            "primary_web_endpoint": "https://uswestsa001.z22.web.core.windows.net/",
            "primary_web_host": "uswestsa001.z22.web.core.windows.net",
            "queue_encryption_key_type": "Service",
            "queue_properties": [
              {
                "cors_rule": [],
                "hour_metrics": [
                  {
                    "enabled": true,
                    "include_apis": true,
                    "retention_policy_days": 7,
                    "version": "1.0"
                  }
                ],
                "logging": [
                  {
                    "delete": false,
                    "read": false,
                    "retention_policy_days": 0,
                    "version": "1.0",
                    "write": false
                  }
                ],
                "minute_metrics": [
                  {
                    "enabled": false,
                    "include_apis": false,
                    "retention_policy_days": 0,
                    "version": "1.0"
                  }
                ]
              }
            ],
            "resource_group_name": "Infra-WestUS-RG",
            "routing": [],
            "secondary_access_key": "QJOFLiBrMh2JNhQmq5h7WDh8fylDWJ+qntTdE4V7xFToe837DLXxklLIcBrT0dWiVdifFJXU6k2s+AStpXLATQ==",
            "secondary_blob_connection_string": "",
            "secondary_blob_endpoint": null,
            "secondary_blob_host": null,
            "secondary_connection_string": "DefaultEndpointsProtocol=https;AccountName=uswestsa001;AccountKey=QJOFLiBrMh2JNhQmq5h7WDh8fylDWJ+qntTdE4V7xFToe837DLXxklLIcBrT0dWiVdifFJXU6k2s+AStpXLATQ==;EndpointSuffix=core.windows.net",
            "secondary_dfs_endpoint": null,
            "secondary_dfs_host": null,
            "secondary_file_endpoint": null,
            "secondary_file_host": null,
            "secondary_location": "",
            "secondary_queue_endpoint": null,
            "secondary_queue_host": null,
            "secondary_table_endpoint": null,
            "secondary_table_host": null,
            "secondary_web_endpoint": null,
            "secondary_web_host": null,
            "share_properties": [
              {
                "cors_rule": [],
                "retention_policy": [
                  {
                    "days": 7
                  }
                ],
                "smb": []
              }
            ],
            "shared_access_key_enabled": true,
            "static_website": [],
            "table_encryption_key_type": "Service",
            "tags": {
              "environment": "staging"
            },
            "timeouts": null
          },
          "sensitive_attributes": [],
          "private": "eyJlMmJmYjczMC1lY2FhLTExZTYtOGY4OC0zNDM2M2JjN2M0YzAiOnsiY3JlYXRlIjozNjAwMDAwMDAwMDAwLCJkZWxldGUiOjM2MDAwMDAwMDAwMDAsInJlYWQiOjMwMDAwMDAwMDAwMCwidXBkYXRlIjozNjAwMDAwMDAwMDAwfSwic2NoZW1hX3ZlcnNpb24iOiIzIn0=",
          "dependencies": [
            "azurerm_resource_group.Infra-RG"
          ]
        }
      ]
    },
    {
      "mode": "managed",
      "type": "azurerm_virtual_network",
      "name": "vnet1",
      "provider": "provider[\"registry.terraform.io/hashicorp/azurerm\"]",
      "instances": [
        {
          "schema_version": 0,
          "attributes": {
            "address_space": [
              "10.0.0.0/16"
            ],
            "bgp_community": "",
            "ddos_protection_plan": [],
            "dns_servers": [],
            "edge_zone": "",
            "flow_timeout_in_minutes": 0,
            "guid": "3edca8e8-de64-4a01-8ab1-f2ec0d9a51e7",
            "id": "/subscriptions/1a969a93-6700-4065-8df6-c63ab4cd3352/resourceGroups/Infra-WestUS-RG/providers/Microsoft.Network/virtualNetworks/vnet-uswest",
            "location": "westus",
            "name": "vnet-uswest",
            "resource_group_name": "Infra-WestUS-RG",
            "subnet": [
              {
                "address_prefix": "10.0.1.0/24",
                "id": "/subscriptions/1a969a93-6700-4065-8df6-c63ab4cd3352/resourceGroups/Infra-WestUS-RG/providers/Microsoft.Network/virtualNetworks/vnet-uswest/subnets/Prod-Snet",
                "name": "Prod-Snet",
                "security_group": "/subscriptions/1a969a93-6700-4065-8df6-c63ab4cd3352/resourceGroups/Infra-WestUS-RG/providers/Microsoft.Network/networkSecurityGroups/Sec-Gp-WestUS"
              },
              {
                "address_prefix": "10.0.2.0/24",
                "id": "/subscriptions/1a969a93-6700-4065-8df6-c63ab4cd3352/resourceGroups/Infra-WestUS-RG/providers/Microsoft.Network/virtualNetworks/vnet-uswest/subnets/Dev-Snet",
                "name": "Dev-Snet",
                "security_group": "/subscriptions/1a969a93-6700-4065-8df6-c63ab4cd3352/resourceGroups/Infra-WestUS-RG/providers/Microsoft.Network/networkSecurityGroups/Sec-Gp-WestUS"
              }
            ],
            "tags": {},
            "timeouts": null
          },
          "sensitive_attributes": [],
          "private": "eyJlMmJmYjczMC1lY2FhLTExZTYtOGY4OC0zNDM2M2JjN2M0YzAiOnsiY3JlYXRlIjoxODAwMDAwMDAwMDAwLCJkZWxldGUiOjE4MDAwMDAwMDAwMDAsInJlYWQiOjMwMDAwMDAwMDAwMCwidXBkYXRlIjoxODAwMDAwMDAwMDAwfX0=",
          "dependencies": [
            "azurerm_network_security_group.Sec-gp1",
            "azurerm_resource_group.Infra-RG"
          ]
        }
      ]
    },
    {
      "mode": "managed",
      "type": "azurerm_windows_virtual_machine",
      "name": "vm1",
      "provider": "provider[\"registry.terraform.io/hashicorp/azurerm\"]",
      "instances": [
        {
          "schema_version": 0,
          "attributes": {
            "additional_capabilities": [],
            "additional_unattend_content": [],
            "admin_password": "P@$$w0rd1234!",
            "admin_username": "adminuser",
            "allow_extension_operations": true,
            "availability_set_id": "",
            "boot_diagnostics": [],
            "computer_name": "ABKVM01",
            "custom_data": null,
            "dedicated_host_group_id": "",
            "dedicated_host_id": "",
            "edge_zone": "",
            "enable_automatic_updates": true,
            "encryption_at_host_enabled": false,
            "eviction_policy": "",
            "extensions_time_budget": "PT1H30M",
            "hotpatching_enabled": false,
            "id": "/subscriptions/1a969a93-6700-4065-8df6-c63ab4cd3352/resourceGroups/Infra-WestUS-RG/providers/Microsoft.Compute/virtualMachines/ABKVM01",
            "identity": [],
            "license_type": "",
            "location": "westus",
            "max_bid_price": -1,
            "name": "ABKVM01",
            "network_interface_ids": [
              "/subscriptions/1a969a93-6700-4065-8df6-c63ab4cd3352/resourceGroups/Infra-WestUS-RG/providers/Microsoft.Network/networkInterfaces/nic1"
            ],
            "os_disk": [
              {
                "caching": "ReadWrite",
                "diff_disk_settings": [],
                "disk_encryption_set_id": "",
                "disk_size_gb": 127,
                "name": "ABKVM01_OsDisk_1_4e70939254ff4c3b987ef27e4663a256",
                "storage_account_type": "Standard_LRS",
                "write_accelerator_enabled": false
              }
            ],
            "patch_mode": "AutomaticByOS",
            "plan": [],
            "platform_fault_domain": -1,
            "priority": "Regular",
            "private_ip_address": "10.0.1.4",
            "private_ip_addresses": [
              "10.0.1.4"
            ],
            "provision_vm_agent": true,
            "proximity_placement_group_id": "",
            "public_ip_address": "",
            "public_ip_addresses": [],
            "resource_group_name": "Infra-WestUS-RG",
            "secret": [],
            "secure_boot_enabled": false,
            "size": "Standard_F2",
            "source_image_id": "",
            "source_image_reference": [
              {
                "offer": "WindowsServer",
                "publisher": "MicrosoftWindowsServer",
                "sku": "2016-Datacenter",
                "version": "latest"
              }
            ],
            "tags": {},
            "termination_notification": [],
            "timeouts": null,
            "timezone": "",
            "user_data": "",
            "virtual_machine_id": "2a966926-d0a2-4a3f-a319-c09600804174",
            "virtual_machine_scale_set_id": "",
            "vtpm_enabled": false,
            "winrm_listener": [],
            "zone": ""
          },
          "sensitive_attributes": [],
          "private": "eyJlMmJmYjczMC1lY2FhLTExZTYtOGY4OC0zNDM2M2JjN2M0YzAiOnsiY3JlYXRlIjoyNzAwMDAwMDAwMDAwLCJkZWxldGUiOjI3MDAwMDAwMDAwMDAsInJlYWQiOjMwMDAwMDAwMDAwMCwidXBkYXRlIjoyNzAwMDAwMDAwMDAwfX0=",
          "dependencies": [
            "azurerm_network_interface.nic1",
            "azurerm_network_security_group.Sec-gp1",
            "azurerm_resource_group.Infra-RG",
            "azurerm_virtual_network.vnet1",
            "data.azurerm_subnet.subnet1"
          ]
        }
      ]
    }
  ],
  "check_results": null
}
