{
  "version": 4,
  "terraform_version": "1.4.6",
  "serial": 3,
  "lineage": "a60e0c7f-2e19-3c54-22d1-cdf6677efc1e",
  "outputs": {},
  "resources": [
    {
      "mode": "data",
      "type": "azurerm_network_security_group",
      "name": "Sec-gp1",
      "provider": "provider[\"registry.terraform.io/hashicorp/azurerm\"]",
      "instances": [
        {
          "schema_version": 0,
          "attributes": {
            "id": "/subscriptions/1a969a93-6700-4065-8df6-c63ab4cd3352/resourceGroups/Infra-WestUS-RG/providers/Microsoft.Network/networkSecurityGroups/Sec-Gp-WestUS",
            "location": "westus",
            "name": "Sec-Gp-WestUS",
            "resource_group_name": "Infra-WestUS-RG",
            "security_rule": [
              {
                "access": "Allow",
                "description": "",
                "destination_address_prefix": "*",
                "destination_address_prefixes": [],
                "destination_application_security_group_ids": [],
                "destination_port_range": "3389",
                "destination_port_ranges": [],
                "direction": "Outbound",
                "name": "rdp-rule",
                "priority": 100,
                "protocol": "Tcp",
                "source_address_prefix": "*",
                "source_address_prefixes": [],
                "source_application_security_group_ids": [],
                "source_port_range": "*",
                "source_port_ranges": []
              }
            ],
            "tags": {},
            "timeouts": null
          },
          "sensitive_attributes": []
        }
      ]
    },
    {
      "mode": "data",
      "type": "azurerm_resource_group",
      "name": "Infra-RG",
      "provider": "provider[\"registry.terraform.io/hashicorp/azurerm\"]",
      "instances": [
        {
          "schema_version": 0,
          "attributes": {
            "id": "/subscriptions/1a969a93-6700-4065-8df6-c63ab4cd3352/resourceGroups/Infra-WestUS-RG",
            "location": "westus",
            "name": "Infra-WestUS-RG",
            "tags": {},
            "timeouts": null
          },
          "sensitive_attributes": []
        }
      ]
    },
    {
      "mode": "data",
      "type": "azurerm_subnet",
      "name": "subnet1",
      "provider": "provider[\"registry.terraform.io/hashicorp/azurerm\"]",
      "instances": [
        {
          "schema_version": 0,
          "attributes": {
            "address_prefix": "10.0.1.0/24",
            "address_prefixes": [
              "10.0.1.0/24"
            ],
            "enforce_private_link_endpoint_network_policies": true,
            "enforce_private_link_service_network_policies": false,
            "id": "/subscriptions/1a969a93-6700-4065-8df6-c63ab4cd3352/resourceGroups/Infra-WestUS-RG/providers/Microsoft.Network/virtualNetworks/vnet-uswest/subnets/Prod-Snet",
            "name": "Prod-Snet",
            "network_security_group_id": "/subscriptions/1a969a93-6700-4065-8df6-c63ab4cd3352/resourceGroups/Infra-WestUS-RG/providers/Microsoft.Network/networkSecurityGroups/Sec-Gp-WestUS",
            "resource_group_name": "Infra-WestUS-RG",
            "route_table_id": "",
            "service_endpoints": [],
            "timeouts": null,
            "virtual_network_name": "vnet-uswest"
          },
          "sensitive_attributes": []
        }
      ]
    },
    {
      "mode": "data",
      "type": "azurerm_virtual_network",
      "name": "vnet1",
      "provider": "provider[\"registry.terraform.io/hashicorp/azurerm\"]",
      "instances": [
        {
          "schema_version": 0,
          "attributes": {
            "address_space": [
              "10.0.0.0/16"
            ],
            "dns_servers": [],
            "guid": "f5b8df7c-e0dc-43fd-801a-45c721bc6440",
            "id": "/subscriptions/1a969a93-6700-4065-8df6-c63ab4cd3352/resourceGroups/Infra-WestUS-RG/providers/Microsoft.Network/virtualNetworks/vnet-uswest",
            "location": "westus",
            "name": "vnet-uswest",
            "resource_group_name": "Infra-WestUS-RG",
            "subnets": [
              "Prod-Snet",
              "Dev-Snet"
            ],
            "tags": {},
            "timeouts": null,
            "vnet_peerings": {},
            "vnet_peerings_addresses": []
          },
          "sensitive_attributes": []
        }
      ]
    },
    {
      "mode": "managed",
      "type": "azurerm_network_interface",
      "name": "nic1",
      "provider": "provider[\"registry.terraform.io/hashicorp/azurerm\"]",
      "instances": [
        {
          "schema_version": 0,
          "attributes": {
            "applied_dns_servers": [],
            "dns_servers": [],
            "edge_zone": "",
            "enable_accelerated_networking": false,
            "enable_ip_forwarding": false,
            "id": "/subscriptions/1a969a93-6700-4065-8df6-c63ab4cd3352/resourceGroups/Infra-WestUS-RG/providers/Microsoft.Network/networkInterfaces/nic1-abkrvm",
            "internal_dns_name_label": "",
            "internal_domain_name_suffix": "ptp1r3o22d4uhaa0ixdsdpdeia.dx.internal.cloudapp.net",
            "ip_configuration": [
              {
                "gateway_load_balancer_frontend_ip_configuration_id": "",
                "name": "testconfiguration1",
                "primary": true,
                "private_ip_address": "10.0.1.5",
                "private_ip_address_allocation": "Dynamic",
                "private_ip_address_version": "IPv4",
                "public_ip_address_id": "",
                "subnet_id": "/subscriptions/1a969a93-6700-4065-8df6-c63ab4cd3352/resourceGroups/Infra-WestUS-RG/providers/Microsoft.Network/virtualNetworks/vnet-uswest/subnets/Prod-Snet"
              }
            ],
            "location": "westus",
            "mac_address": "",
            "name": "nic1-abkrvm",
            "private_ip_address": "10.0.1.5",
            "private_ip_addresses": [
              "10.0.1.5"
            ],
            "resource_group_name": "Infra-WestUS-RG",
            "tags": null,
            "timeouts": null,
            "virtual_machine_id": ""
          },
          "sensitive_attributes": [],
          "private": "eyJlMmJmYjczMC1lY2FhLTExZTYtOGY4OC0zNDM2M2JjN2M0YzAiOnsiY3JlYXRlIjoxODAwMDAwMDAwMDAwLCJkZWxldGUiOjE4MDAwMDAwMDAwMDAsInJlYWQiOjMwMDAwMDAwMDAwMCwidXBkYXRlIjoxODAwMDAwMDAwMDAwfX0=",
          "dependencies": [
            "data.azurerm_resource_group.Infra-RG",
            "data.azurerm_subnet.subnet1"
          ]
        }
      ]
    },
    {
      "mode": "managed",
      "type": "azurerm_windows_virtual_machine",
      "name": "vm1",
      "provider": "provider[\"registry.terraform.io/hashicorp/azurerm\"]",
      "instances": [
        {
          "schema_version": 0,
          "attributes": {
            "additional_capabilities": [],
            "additional_unattend_content": [],
            "admin_password": "P@$$w0rd1234!",
            "admin_username": "adminuser",
            "allow_extension_operations": true,
            "availability_set_id": "",
            "boot_diagnostics": [],
            "computer_name": "abkrvm",
            "custom_data": null,
            "dedicated_host_group_id": "",
            "dedicated_host_id": "",
            "edge_zone": "",
            "enable_automatic_updates": true,
            "encryption_at_host_enabled": false,
            "eviction_policy": "",
            "extensions_time_budget": "PT1H30M",
            "hotpatching_enabled": false,
            "id": "/subscriptions/1a969a93-6700-4065-8df6-c63ab4cd3352/resourceGroups/Infra-WestUS-RG/providers/Microsoft.Compute/virtualMachines/abkrvm",
            "identity": [],
            "license_type": "",
            "location": "westus",
            "max_bid_price": -1,
            "name": "abkrvm",
            "network_interface_ids": [
              "/subscriptions/1a969a93-6700-4065-8df6-c63ab4cd3352/resourceGroups/Infra-WestUS-RG/providers/Microsoft.Network/networkInterfaces/nic1-abkrvm"
            ],
            "os_disk": [
              {
                "caching": "ReadWrite",
                "diff_disk_settings": [],
                "disk_encryption_set_id": "",
                "disk_size_gb": 127,
                "name": "abkrvm_disk1_84eec64bfd4049a7afea5d31958ac901",
                "storage_account_type": "Standard_LRS",
                "write_accelerator_enabled": false
              }
            ],
            "patch_mode": "AutomaticByOS",
            "plan": [],
            "platform_fault_domain": -1,
            "priority": "Regular",
            "private_ip_address": "10.0.1.5",
            "private_ip_addresses": [
              "10.0.1.5"
            ],
            "provision_vm_agent": true,
            "proximity_placement_group_id": "",
            "public_ip_address": "",
            "public_ip_addresses": [],
            "resource_group_name": "Infra-WestUS-RG",
            "secret": [],
            "secure_boot_enabled": false,
            "size": "Standard_F2",
            "source_image_id": "",
            "source_image_reference": [
              {
                "offer": "WindowsServer",
                "publisher": "MicrosoftWindowsServer",
                "sku": "2016-Datacenter",
                "version": "latest"
              }
            ],
            "tags": null,
            "termination_notification": null,
            "timeouts": null,
            "timezone": "",
            "user_data": "",
            "virtual_machine_id": "5dd29c3f-8329-47a2-839d-c70b89f81c55",
            "virtual_machine_scale_set_id": "",
            "vtpm_enabled": false,
            "winrm_listener": [],
            "zone": ""
          },
          "sensitive_attributes": [],
          "private": "eyJlMmJmYjczMC1lY2FhLTExZTYtOGY4OC0zNDM2M2JjN2M0YzAiOnsiY3JlYXRlIjoyNzAwMDAwMDAwMDAwLCJkZWxldGUiOjI3MDAwMDAwMDAwMDAsInJlYWQiOjMwMDAwMDAwMDAwMCwidXBkYXRlIjoyNzAwMDAwMDAwMDAwfX0=",
          "dependencies": [
            "azurerm_network_interface.nic1",
            "data.azurerm_resource_group.Infra-RG",
            "data.azurerm_subnet.subnet1"
          ]
        }
      ]
    }
  ],
  "check_results": null
}
