{
  "version": 4,
  "terraform_version": "1.4.6",
  "serial": 18,
  "lineage": "b9644b69-1f9e-590f-1229-61c469809251",
  "outputs": {},
  "resources": [
    {
      "module": "module.module_prod",
      "mode": "managed",
      "type": "azurerm_network_security_group",
      "name": "Sec-gp1",
      "provider": "module.module_prod.provider[\"registry.terraform.io/hashicorp/azurerm\"]",
      "instances": [
        {
          "schema_version": 0,
          "attributes": {
            "id": "/subscriptions/1a969a93-6700-4065-8df6-c63ab4cd3352/resourceGroups/Infra-WestUS-RG/providers/Microsoft.Network/networkSecurityGroups/Sec-Gp-WestUS",
            "location": "westus",
            "name": "Sec-Gp-WestUS",
            "resource_group_name": "Infra-WestUS-RG",
            "security_rule": [
              {
                "access": "Allow",
                "description": "",
                "destination_address_prefix": "*",
                "destination_address_prefixes": [],
                "destination_application_security_group_ids": [],
                "destination_port_range": "3389",
                "destination_port_ranges": [],
                "direction": "Outbound",
                "name": "rdp-rule",
                "priority": 100,
                "protocol": "Tcp",
                "source_address_prefix": "*",
                "source_address_prefixes": [],
                "source_application_security_group_ids": [],
                "source_port_range": "*",
                "source_port_ranges": []
              }
            ],
            "tags": {},
            "timeouts": null
          },
          "sensitive_attributes": [],
          "private": "eyJlMmJmYjczMC1lY2FhLTExZTYtOGY4OC0zNDM2M2JjN2M0YzAiOnsiY3JlYXRlIjoxODAwMDAwMDAwMDAwLCJkZWxldGUiOjE4MDAwMDAwMDAwMDAsInJlYWQiOjMwMDAwMDAwMDAwMCwidXBkYXRlIjoxODAwMDAwMDAwMDAwfX0=",
          "dependencies": [
            "module.module_prod.azurerm_resource_group.Infra-RG"
          ]
        }
      ]
    },
    {
      "module": "module.module_prod",
      "mode": "managed",
      "type": "azurerm_resource_group",
      "name": "Infra-RG",
      "provider": "module.module_prod.provider[\"registry.terraform.io/hashicorp/azurerm\"]",
      "instances": [
        {
          "schema_version": 0,
          "attributes": {
            "id": "/subscriptions/1a969a93-6700-4065-8df6-c63ab4cd3352/resourceGroups/Infra-WestUS-RG",
            "location": "westus",
            "name": "Infra-WestUS-RG",
            "tags": {},
            "timeouts": null
          },
          "sensitive_attributes": [],
          "private": "eyJlMmJmYjczMC1lY2FhLTExZTYtOGY4OC0zNDM2M2JjN2M0YzAiOnsiY3JlYXRlIjo1NDAwMDAwMDAwMDAwLCJkZWxldGUiOjU0MDAwMDAwMDAwMDAsInJlYWQiOjMwMDAwMDAwMDAwMCwidXBkYXRlIjo1NDAwMDAwMDAwMDAwfX0="
        }
      ]
    },
    {
      "module": "module.module_prod",
      "mode": "managed",
      "type": "azurerm_virtual_network",
      "name": "vnet1",
      "provider": "module.module_prod.provider[\"registry.terraform.io/hashicorp/azurerm\"]",
      "instances": [
        {
          "schema_version": 0,
          "attributes": {
            "address_space": [
              "10.0.0.0/16"
            ],
            "bgp_community": "",
            "ddos_protection_plan": [],
            "dns_servers": [],
            "edge_zone": "",
            "flow_timeout_in_minutes": 0,
            "guid": "f5b8df7c-e0dc-43fd-801a-45c721bc6440",
            "id": "/subscriptions/1a969a93-6700-4065-8df6-c63ab4cd3352/resourceGroups/Infra-WestUS-RG/providers/Microsoft.Network/virtualNetworks/vnet-uswest",
            "location": "westus",
            "name": "vnet-uswest",
            "resource_group_name": "Infra-WestUS-RG",
            "subnet": [
              {
                "address_prefix": "10.0.1.0/24",
                "id": "/subscriptions/1a969a93-6700-4065-8df6-c63ab4cd3352/resourceGroups/Infra-WestUS-RG/providers/Microsoft.Network/virtualNetworks/vnet-uswest/subnets/Prod-Snet",
                "name": "Prod-Snet",
                "security_group": "/subscriptions/1a969a93-6700-4065-8df6-c63ab4cd3352/resourceGroups/Infra-WestUS-RG/providers/Microsoft.Network/networkSecurityGroups/Sec-Gp-WestUS"
              },
              {
                "address_prefix": "10.0.2.0/24",
                "id": "/subscriptions/1a969a93-6700-4065-8df6-c63ab4cd3352/resourceGroups/Infra-WestUS-RG/providers/Microsoft.Network/virtualNetworks/vnet-uswest/subnets/Dev-Snet",
                "name": "Dev-Snet",
                "security_group": "/subscriptions/1a969a93-6700-4065-8df6-c63ab4cd3352/resourceGroups/Infra-WestUS-RG/providers/Microsoft.Network/networkSecurityGroups/Sec-Gp-WestUS"
              }
            ],
            "tags": {},
            "timeouts": null
          },
          "sensitive_attributes": [],
          "private": "eyJlMmJmYjczMC1lY2FhLTExZTYtOGY4OC0zNDM2M2JjN2M0YzAiOnsiY3JlYXRlIjoxODAwMDAwMDAwMDAwLCJkZWxldGUiOjE4MDAwMDAwMDAwMDAsInJlYWQiOjMwMDAwMDAwMDAwMCwidXBkYXRlIjoxODAwMDAwMDAwMDAwfX0=",
          "dependencies": [
            "module.module_prod.azurerm_network_security_group.Sec-gp1",
            "module.module_prod.azurerm_resource_group.Infra-RG"
          ]
        }
      ]
    }
  ],
  "check_results": null
}
